
Microsoft Visual Studio Solution File, Format Version 12.00
# Visual Studio Version 16
VisualStudioVersion = 16.0.29123.88
MinimumVisualStudioVersion = 10.0.40219.1
Project("{9A19103F-16F7-4668-BE54-9A1E7A4F7556}") = "TaskManagementService", "TaskManagementService\TaskManagementService.csproj", "{78C68630-120E-41F5-AA92-0592DB240368}"
EndProject
Project("{9A19103F-16F7-4668-BE54-9A1E7A4F7556}") = "Business", "Business\Business.csproj", "{1A459A59-782D-4921-9B63-732427113249}"
EndProject
Project("{E53339B2-1760-4266-BCC7-CA923CBCF16C}") = "docker-compose", "docker-compose.dcproj", "{7405BFC0-4160-4168-AFCB-0CB583C7E2F1}"
EndProject
Project("{9A19103F-16F7-4668-BE54-9A1E7A4F7556}") = "Data", "Data\Data.csproj", "{0710E12C-97F2-4359-B2E5-A660074A827D}"
EndProject
Global
	GlobalSection(SolutionConfigurationPlatforms) = preSolution
		Debug|Any CPU = Debug|Any CPU
		Release|Any CPU = Release|Any CPU
	EndGlobalSection
	GlobalSection(ProjectConfigurationPlatforms) = postSolution
		{78C68630-120E-41F5-AA92-0592DB240368}.Debug|Any CPU.ActiveCfg = Debug|Any CPU
		{78C68630-120E-41F5-AA92-0592DB240368}.Debug|Any CPU.Build.0 = Debug|Any CPU
		{78C68630-120E-41F5-AA92-0592DB240368}.Release|Any CPU.ActiveCfg = Release|Any CPU
		{78C68630-120E-41F5-AA92-0592DB240368}.Release|Any CPU.Build.0 = Release|Any CPU
		{1A459A59-782D-4921-9B63-732427113249}.Debug|Any CPU.ActiveCfg = Debug|Any CPU
		{1A459A59-782D-4921-9B63-732427113249}.Debug|Any CPU.Build.0 = Debug|Any CPU
		{1A459A59-782D-4921-9B63-732427113249}.Release|Any CPU.ActiveCfg = Release|Any CPU
		{1A459A59-782D-4921-9B63-732427113249}.Release|Any CPU.Build.0 = Release|Any CPU
		{7405BFC0-4160-4168-AFCB-0CB583C7E2F1}.Debug|Any CPU.ActiveCfg = Debug|Any CPU
		{7405BFC0-4160-4168-AFCB-0CB583C7E2F1}.Debug|Any CPU.Build.0 = Debug|Any CPU
		{7405BFC0-4160-4168-AFCB-0CB583C7E2F1}.Release|Any CPU.ActiveCfg = Release|Any CPU
		{7405BFC0-4160-4168-AFCB-0CB583C7E2F1}.Release|Any CPU.Build.0 = Release|Any CPU
		{0710E12C-97F2-4359-B2E5-A660074A827D}.Debug|Any CPU.ActiveCfg = Debug|Any CPU
		{0710E12C-97F2-4359-B2E5-A660074A827D}.Debug|Any CPU.Build.0 = Debug|Any CPU
		{0710E12C-97F2-4359-B2E5-A660074A827D}.Release|Any CPU.ActiveCfg = Release|Any CPU
		{0710E12C-97F2-4359-B2E5-A660074A827D}.Release|Any CPU.Build.0 = Release|Any CPU
	EndGlobalSection
	GlobalSection(SolutionProperties) = preSolution
		HideSolutionNode = FALSE
	EndGlobalSection
	GlobalSection(ExtensibilityGlobals) = postSolution
		SolutionGuid = {177B69BB-0B42-4A53-AE7D-C7F1478F8BE6}
	EndGlobalSection
EndGlobal
